// !$*UTF8*$!
{
	archiveVersion = 1;
	classes = {
	};
	objectVersion = 46;
	objects = {

/* Begin PBXBuildFile section */
		D79E16AA1A3830EA004B0DD8 /* AppDelegate.swift in Sources */ = {isa = PBXBuildFile; fileRef = D79E16A91A3830EA004B0DD8 /* AppDelegate.swift */; };
		D79E16AC1A3830EA004B0DD8 /* SearchViewController.swift in Sources */ = {isa = PBXBuildFile; fileRef = D79E16AB1A3830EA004B0DD8 /* SearchViewController.swift */; };
		D79E16AF1A3830EA004B0DD8 /* Main.storyboard in Resources */ = {isa = PBXBuildFile; fileRef = D79E16AD1A3830EA004B0DD8 /* Main.storyboard */; };
		D79E16B11A3830EA004B0DD8 /* Images.xcassets in Resources */ = {isa = PBXBuildFile; fileRef = D79E16B01A3830EA004B0DD8 /* Images.xcassets */; };
		D79E16B41A3830EA004B0DD8 /* LaunchScreen.xib in Resources */ = {isa = PBXBuildFile; fileRef = D79E16B21A3830EA004B0DD8 /* LaunchScreen.xib */; };
		D79E16C01A3830EA004B0DD8 /* FlickrSearchTests.swift in Sources */ = {isa = PBXBuildFile; fileRef = D79E16BF1A3830EA004B0DD8 /* FlickrSearchTests.swift */; };
		D79E16CA1A383967004B0DD8 /* SearchResultCell.swift in Sources */ = {isa = PBXBuildFile; fileRef = D79E16C91A383967004B0DD8 /* SearchResultCell.swift */; };
		D79E16D01A3839E6004B0DD8 /* SearchResult.swift in Sources */ = {isa = PBXBuildFile; fileRef = D79E16CF1A3839E6004B0DD8 /* SearchResult.swift */; };
/* End PBXBuildFile section */

/* Begin PBXContainerItemProxy section */
		D79E16BA1A3830EA004B0DD8 /* PBXContainerItemProxy */ = {
			isa = PBXContainerItemProxy;
			containerPortal = D79E169C1A3830EA004B0DD8 /* Project object */;
			proxyType = 1;
			remoteGlobalIDString = D79E16A31A3830EA004B0DD8;
			remoteInfo = FlickrSearch;
		};
/* End PBXContainerItemProxy section */

/* Begin PBXFileReference section */
		D79E16A41A3830EA004B0DD8 /* FlickrSearch.app */ = {isa = PBXFileReference; explicitFileType = wrapper.application; includeInIndex = 0; path = FlickrSearch.app; sourceTree = BUILT_PRODUCTS_DIR; };
		D79E16A81A3830EA004B0DD8 /* Info.plist */ = {isa = PBXFileReference; lastKnownFileType = text.plist.xml; path = Info.plist; sourceTree = "<group>"; };
		D79E16A91A3830EA004B0DD8 /* AppDelegate.swift */ = {isa = PBXFileReference; lastKnownFileType = sourcecode.swift; path = AppDelegate.swift; sourceTree = "<group>"; };
		D79E16AB1A3830EA004B0DD8 /* SearchViewController.swift */ = {isa = PBXFileReference; lastKnownFileType = sourcecode.swift; path = SearchViewController.swift; sourceTree = "<group>"; };
		D79E16AE1A3830EA004B0DD8 /* Base */ = {isa = PBXFileReference; lastKnownFileType = file.storyboard; name = Base; path = Base.lproj/Main.storyboard; sourceTree = "<group>"; };
		D79E16B01A3830EA004B0DD8 /* Images.xcassets */ = {isa = PBXFileReference; lastKnownFileType = folder.assetcatalog; path = Images.xcassets; sourceTree = "<group>"; };
		D79E16B31A3830EA004B0DD8 /* Base */ = {isa = PBXFileReference; lastKnownFileType = file.xib; name = Base; path = Base.lproj/LaunchScreen.xib; sourceTree = "<group>"; };
		D79E16B91A3830EA004B0DD8 /* FlickrSearchTests.xctest */ = {isa = PBXFileReference; explicitFileType = wrapper.cfbundle; includeInIndex = 0; path = FlickrSearchTests.xctest; sourceTree = BUILT_PRODUCTS_DIR; };
		D79E16BE1A3830EA004B0DD8 /* Info.plist */ = {isa = PBXFileReference; lastKnownFileType = text.plist.xml; path = Info.plist; sourceTree = "<group>"; };
		D79E16BF1A3830EA004B0DD8 /* FlickrSearchTests.swift */ = {isa = PBXFileReference; lastKnownFileType = sourcecode.swift; path = FlickrSearchTests.swift; sourceTree = "<group>"; };
		D79E16C91A383967004B0DD8 /* SearchResultCell.swift */ = {isa = PBXFileReference; fileEncoding = 4; lastKnownFileType = sourcecode.swift; path = SearchResultCell.swift; sourceTree = "<group>"; };
		D79E16CF1A3839E6004B0DD8 /* SearchResult.swift */ = {isa = PBXFileReference; fileEncoding = 4; lastKnownFileType = sourcecode.swift; path = SearchResult.swift; sourceTree = "<group>"; };
/* End PBXFileReference section */

/* Begin PBXFrameworksBuildPhase section */
		D79E16A11A3830EA004B0DD8 /* Frameworks */ = {
			isa = PBXFrameworksBuildPhase;
			buildActionMask = 2147483647;
			files = (
			);
			runOnlyForDeploymentPostprocessing = 0;
		};
		D79E16B61A3830EA004B0DD8 /* Frameworks */ = {
			isa = PBXFrameworksBuildPhase;
			buildActionMask = 2147483647;
			files = (
			);
			runOnlyForDeploymentPostprocessing = 0;
		};
/* End PBXFrameworksBuildPhase section */

/* Begin PBXGroup section */
		D79E169B1A3830EA004B0DD8 = {
			isa = PBXGroup;
			children = (
				D79E16A61A3830EA004B0DD8 /* FlickrSearch */,
				D79E16BC1A3830EA004B0DD8 /* FlickrSearchTests */,
				D79E16A51A3830EA004B0DD8 /* Products */,
			);
			sourceTree = "<group>";
		};
		D79E16A51A3830EA004B0DD8 /* Products */ = {
			isa = PBXGroup;
			children = (
				D79E16A41A3830EA004B0DD8 /* FlickrSearch.app */,
				D79E16B91A3830EA004B0DD8 /* FlickrSearchTests.xctest */,
			);
			name = Products;
			sourceTree = "<group>";
		};
		D79E16A61A3830EA004B0DD8 /* FlickrSearch */ = {
			isa = PBXGroup;
			children = (
				D79E16A91A3830EA004B0DD8 /* AppDelegate.swift */,
				D79E16AD1A3830EA004B0DD8 /* Main.storyboard */,
				D79E16CB1A38399E004B0DD8 /* UI */,
				D79E16CE1A3839C7004B0DD8 /* Model */,
				D79E16B01A3830EA004B0DD8 /* Images.xcassets */,
				D79E16A71A3830EA004B0DD8 /* Supporting Files */,
			);
			path = FlickrSearch;
			sourceTree = "<group>";
		};
		D79E16A71A3830EA004B0DD8 /* Supporting Files */ = {
			isa = PBXGroup;
			children = (
				D79E16B21A3830EA004B0DD8 /* LaunchScreen.xib */,
				D79E16A81A3830EA004B0DD8 /* Info.plist */,
			);
			name = "Supporting Files";
			sourceTree = "<group>";
		};
		D79E16BC1A3830EA004B0DD8 /* FlickrSearchTests */ = {
			isa = PBXGroup;
			children = (
				D79E16BF1A3830EA004B0DD8 /* FlickrSearchTests.swift */,
				D79E16BD1A3830EA004B0DD8 /* Supporting Files */,
			);
			path = FlickrSearchTests;
			sourceTree = "<group>";
		};
		D79E16BD1A3830EA004B0DD8 /* Supporting Files */ = {
			isa = PBXGroup;
			children = (
				D79E16BE1A3830EA004B0DD8 /* Info.plist */,
			);
			name = "Supporting Files";
			sourceTree = "<group>";
		};
		D79E16CB1A38399E004B0DD8 /* UI */ = {
			isa = PBXGroup;
			children = (
				D79E16CC1A3839A8004B0DD8 /* Controllers */,
				D79E16CD1A3839B4004B0DD8 /* Cells */,
			);
			name = UI;
			sourceTree = "<group>";
		};
		D79E16CC1A3839A8004B0DD8 /* Controllers */ = {
			isa = PBXGroup;
			children = (
				D79E16AB1A3830EA004B0DD8 /* SearchViewController.swift */,
			);
			name = Controllers;
			sourceTree = "<group>";
		};
		D79E16CD1A3839B4004B0DD8 /* Cells */ = {
			isa = PBXGroup;
			children = (
				D79E16C91A383967004B0DD8 /* SearchResultCell.swift */,
			);
			name = Cells;
			sourceTree = "<group>";
		};
		D79E16CE1A3839C7004B0DD8 /* Model */ = {
			isa = PBXGroup;
			children = (
				D79E16CF1A3839E6004B0DD8 /* SearchResult.swift */,
			);
			name = Model;
			sourceTree = "<group>";
		};
/* End PBXGroup section */

/* Begin PBXNativeTarget section */
		D79E16A31A3830EA004B0DD8 /* FlickrSearch */ = {
			isa = PBXNativeTarget;
			buildConfigurationList = D79E16C31A3830EA004B0DD8 /* Build configuration list for PBXNativeTarget "FlickrSearch" */;
			buildPhases = (
				D79E16A01A3830EA004B0DD8 /* Sources */,
				D79E16A11A3830EA004B0DD8 /* Frameworks */,
				D79E16A21A3830EA004B0DD8 /* Resources */,
			);
			buildRules = (
			);
			dependencies = (
			);
			name = FlickrSearch;
			productName = FlickrSearch;
			productReference = D79E16A41A3830EA004B0DD8 /* FlickrSearch.app */;
			productType = "com.apple.product-type.application";
		};
		D79E16B81A3830EA004B0DD8 /* FlickrSearchTests */ = {
			isa = PBXNativeTarget;
			buildConfigurationList = D79E16C61A3830EA004B0DD8 /* Build configuration list for PBXNativeTarget "FlickrSearchTests" */;
			buildPhases = (
				D79E16B51A3830EA004B0DD8 /* Sources */,
				D79E16B61A3830EA004B0DD8 /* Frameworks */,
				D79E16B71A3830EA004B0DD8 /* Resources */,
			);
			buildRules = (
			);
			dependencies = (
				D79E16BB1A3830EA004B0DD8 /* PBXTargetDependency */,
			);
			name = FlickrSearchTests;
			productName = FlickrSearchTests;
			productReference = D79E16B91A3830EA004B0DD8 /* FlickrSearchTests.xctest */;
			productType = "com.apple.product-type.bundle.unit-test";
		};
/* End PBXNativeTarget section */

/* Begin PBXProject section */
		D79E169C1A3830EA004B0DD8 /* Project object */ = {
			isa = PBXProject;
			attributes = {
				LastUpgradeCheck = 0610;
				ORGANIZATIONNAME = "Kyle Clegg";
				TargetAttributes = {
					D79E16A31A3830EA004B0DD8 = {
						CreatedOnToolsVersion = 6.1.1;
					};
					D79E16B81A3830EA004B0DD8 = {
						CreatedOnToolsVersion = 6.1.1;
						TestTargetID = D79E16A31A3830EA004B0DD8;
					};
				};
			};
			buildConfigurationList = D79E169F1A3830EA004B0DD8 /* Build configuration list for PBXProject "FlickrSearch" */;
			compatibilityVersion = "Xcode 3.2";
			developmentRegion = English;
			hasScannedForEncodings = 0;
			knownRegions = (
				en,
				Base,
			);
			mainGroup = D79E169B1A3830EA004B0DD8;
			productRefGroup = D79E16A51A3830EA004B0DD8 /* Products */;
			projectDirPath = "";
			projectRoot = "";
			targets = (
				D79E16A31A3830EA004B0DD8 /* FlickrSearch */,
				D79E16B81A3830EA004B0DD8 /* FlickrSearchTests */,
			);
		};
/* End PBXProject section */

/* Begin PBXResourcesBuildPhase section */
		D79E16A21A3830EA004B0DD8 /* Resources */ = {
			isa = PBXResourcesBuildPhase;
			buildActionMask = 2147483647;
			files = (
				D79E16AF1A3830EA004B0DD8 /* Main.storyboard in Resources */,
				D79E16B41A3830EA004B0DD8 /* LaunchScreen.xib in Resources */,
				D79E16B11A3830EA004B0DD8 /* Images.xcassets in Resources */,
			);
			runOnlyForDeploymentPostprocessing = 0;
		};
		D79E16B71A3830EA004B0DD8 /* Resources */ = {
			isa = PBXResourcesBuildPhase;
			buildActionMask = 2147483647;
			files = (
			);
			runOnlyForDeploymentPostprocessing = 0;
		};
/* End PBXResourcesBuildPhase section */

/* Begin PBXSourcesBuildPhase section */
		D79E16A01A3830EA004B0DD8 /* Sources */ = {
			isa = PBXSourcesBuildPhase;
			buildActionMask = 2147483647;
			files = (
				D79E16AC1A3830EA004B0DD8 /* SearchViewController.swift in Sources */,
				D79E16CA1A383967004B0DD8 /* SearchResultCell.swift in Sources */,
				D79E16D01A3839E6004B0DD8 /* SearchResult.swift in Sources */,
				D79E16AA1A3830EA004B0DD8 /* AppDelegate.swift in Sources */,
			);
			runOnlyForDeploymentPostprocessing = 0;
		};
		D79E16B51A3830EA004B0DD8 /* Sources */ = {
			isa = PBXSourcesBuildPhase;
			buildActionMask = 2147483647;
			files = (
				D79E16C01A3830EA004B0DD8 /* FlickrSearchTests.swift in Sources */,
			);
			runOnlyForDeploymentPostprocessing = 0;
		};
/* End PBXSourcesBuildPhase section */

/* Begin PBXTargetDependency section */
		D79E16BB1A3830EA004B0DD8 /* PBXTargetDependency */ = {
			isa = PBXTargetDependency;
			target = D79E16A31A3830EA004B0DD8 /* FlickrSearch */;
			targetProxy = D79E16BA1A3830EA004B0DD8 /* PBXContainerItemProxy */;
		};
/* End PBXTargetDependency section */

/* Begin PBXVariantGroup section */
		D79E16AD1A3830EA004B0DD8 /* Main.storyboard */ = {
			isa = PBXVariantGroup;
			children = (
				D79E16AE1A3830EA004B0DD8 /* Base */,
			);
			name = Main.storyboard;
			sourceTree = "<group>";
		};
		D79E16B21A3830EA004B0DD8 /* LaunchScreen.xib */ = {
			isa = PBXVariantGroup;
			children = (
				D79E16B31A3830EA004B0DD8 /* Base */,
			);
			name = LaunchScreen.xib;
			sourceTree = "<group>";
		};
/* End PBXVariantGroup section */

/* Begin XCBuildConfiguration section */
		D79E16C11A3830EA004B0DD8 /* Debug */ = {
			isa = XCBuildConfiguration;
			buildSettings = {
				ALWAYS_SEARCH_USER_PATHS = NO;
				CLANG_CXX_LANGUAGE_STANDARD = "gnu++0x";
				CLANG_CXX_LIBRARY = "libc++";
				CLANG_ENABLE_MODULES = YES;
				CLANG_ENABLE_OBJC_ARC = YES;
				CLANG_WARN_BOOL_CONVERSION = YES;
				CLANG_WARN_CONSTANT_CONVERSION = YES;
				CLANG_WARN_DIRECT_OBJC_ISA_USAGE = YES_ERROR;
				CLANG_WARN_EMPTY_BODY = YES;
				CLANG_WARN_ENUM_CONVERSION = YES;
				CLANG_WARN_INT_CONVERSION = YES;
				CLANG_WARN_OBJC_ROOT_CLASS = YES_ERROR;
				CLANG_WARN_UNREACHABLE_CODE = YES;
				CLANG_WARN__DUPLICATE_METHOD_MATCH = YES;
				"CODE_SIGN_IDENTITY[sdk=iphoneos*]" = "iPhone Developer";
				COPY_PHASE_STRIP = NO;
				ENABLE_STRICT_OBJC_MSGSEND = YES;
				GCC_C_LANGUAGE_STANDARD = gnu99;
				GCC_DYNAMIC_NO_PIC = NO;
				GCC_OPTIMIZATION_LEVEL = 0;
				GCC_PREPROCESSOR_DEFINITIONS = (
					"DEBUG=1",
					"$(inherited)",
				);
				GCC_SYMBOLS_PRIVATE_EXTERN = NO;
				GCC_WARN_64_TO_32_BIT_CONVERSION = YES;
				GCC_WARN_ABOUT_RETURN_TYPE = YES_ERROR;
				GCC_WARN_UNDECLARED_SELECTOR = YES;
				GCC_WARN_UNINITIALIZED_AUTOS = YES_AGGRESSIVE;
				GCC_WARN_UNUSED_FUNCTION = YES;
				GCC_WARN_UNUSED_VARIABLE = YES;
				IPHONEOS_DEPLOYMENT_TARGET = 8.1;
				MTL_ENABLE_DEBUG_INFO = YES;
				ONLY_ACTIVE_ARCH = YES;
				SDKROOT = iphoneos;
				SWIFT_OPTIMIZATION_LEVEL = "-Onone";
			};
			name = Debug;
		};
		D79E16C21A3830EA004B0DD8 /* Release */ = {
			isa = XCBuildConfiguration;
			buildSettings = {
				ALWAYS_SEARCH_USER_PATHS = NO;
				CLANG_CXX_LANGUAGE_STANDARD = "gnu++0x";
				CLANG_CXX_LIBRARY = "libc++";
				CLANG_ENABLE_MODULES = YES;
				CLANG_ENABLE_OBJC_ARC = YES;
				CLANG_WARN_BOOL_CONVERSION = YES;
				CLANG_WARN_CONSTANT_CONVERSION = YES;
				CLANG_WARN_DIRECT_OBJC_ISA_USAGE = YES_ERROR;
				CLANG_WARN_EMPTY_BODY = YES;
				CLANG_WARN_ENUM_CONVERSION = YES;
				CLANG_WARN_INT_CONVERSION = YES;
				CLANG_WARN_OBJC_ROOT_CLASS = YES_ERROR;
				CLANG_WARN_UNREACHABLE_CODE = YES;
				CLANG_WARN__DUPLICATE_METHOD_MATCH = YES;
				"CODE_SIGN_IDENTITY[sdk=iphoneos*]" = "iPhone Developer";
				COPY_PHASE_STRIP = YES;
				ENABLE_NS_ASSERTIONS = NO;
				ENABLE_STRICT_OBJC_MSGSEND = YES;
				GCC_C_LANGUAGE_STANDARD = gnu99;
				GCC_WARN_64_TO_32_BIT_CONVERSION = YES;
				GCC_WARN_ABOUT_RETURN_TYPE = YES_ERROR;
				GCC_WARN_UNDECLARED_SELECTOR = YES;
				GCC_WARN_UNINITIALIZED_AUTOS = YES_AGGRESSIVE;
				GCC_WARN_UNUSED_FUNCTION = YES;
				GCC_WARN_UNUSED_VARIABLE = YES;
				IPHONEOS_DEPLOYMENT_TARGET = 8.1;
				MTL_ENABLE_DEBUG_INFO = NO;
				SDKROOT = iphoneos;
				VALIDATE_PRODUCT = YES;
			};
			name = Release;
		};
		D79E16C41A3830EA004B0DD8 /* Debug */ = {
			isa = XCBuildConfiguration;
			buildSettings = {
				ASSETCATALOG_COMPILER_APPICON_NAME = AppIcon;
				INFOPLIST_FILE = FlickrSearch/Info.plist;
				LD_RUNPATH_SEARCH_PATHS = "$(inherited) @executable_path/Frameworks";
				PRODUCT_NAME = "$(TARGET_NAME)";
			};
			name = Debug;
		};
		D79E16C51A3830EA004B0DD8 /* Release */ = {
			isa = XCBuildConfiguration;
			buildSettings = {
				ASSETCATALOG_COMPILER_APPICON_NAME = AppIcon;
				INFOPLIST_FILE = FlickrSearch/Info.plist;
				LD_RUNPATH_SEARCH_PATHS = "$(inherited) @executable_path/Frameworks";
				PRODUCT_NAME = "$(TARGET_NAME)";
			};
			name = Release;
		};
		D79E16C71A3830EA004B0DD8 /* Debug */ = {
			isa = XCBuildConfiguration;
			buildSettings = {
				BUNDLE_LOADER = "$(TEST_HOST)";
				FRAMEWORK_SEARCH_PATHS = (
					"$(SDKROOT)/Developer/Library/Frameworks",
					"$(inherited)",
				);
				GCC_PREPROCESSOR_DEFINITIONS = (
					"DEBUG=1",
					"$(inherited)",
				);
				INFOPLIST_FILE = FlickrSearchTests/Info.plist;
				LD_RUNPATH_SEARCH_PATHS = "$(inherited) @executable_path/Frameworks @loader_path/Frameworks";
				PRODUCT_NAME = "$(TARGET_NAME)";
				TEST_HOST = "$(BUILT_PRODUCTS_DIR)/FlickrSearch.app/FlickrSearch";
			};
			name = Debug;
		};
		D79E16C81A3830EA004B0DD8 /* Release */ = {
			isa = XCBuildConfiguration;
			buildSettings = {
				BUNDLE_LOADER = "$(TEST_HOST)";
				FRAMEWORK_SEARCH_PATHS = (
					"$(SDKROOT)/Developer/Library/Frameworks",
					"$(inherited)",
				);
				INFOPLIST_FILE = FlickrSearchTests/Info.plist;
				LD_RUNPATH_SEARCH_PATHS = "$(inherited) @executable_path/Frameworks @loader_path/Frameworks";
				PRODUCT_NAME = "$(TARGET_NAME)";
				TEST_HOST = "$(BUILT_PRODUCTS_DIR)/FlickrSearch.app/FlickrSearch";
			};
			name = Release;
		};
/* End XCBuildConfiguration section */

/* Begin XCConfigurationList section */
		D79E169F1A3830EA004B0DD8 /* Build configuration list for PBXProject "FlickrSearch" */ = {
			isa = XCConfigurationList;
			buildConfigurations = (
				D79E16C11A3830EA004B0DD8 /* Debug */,
				D79E16C21A3830EA004B0DD8 /* Release */,
			);
			defaultConfigurationIsVisible = 0;
			defaultConfigurationName = Release;
		};
		D79E16C31A3830EA004B0DD8 /* Build configuration list for PBXNativeTarget "FlickrSearch" */ = {
			isa = XCConfigurationList;
			buildConfigurations = (
				D79E16C41A3830EA004B0DD8 /* Debug */,
				D79E16C51A3830EA004B0DD8 /* Release */,
			);
			defaultConfigurationIsVisible = 0;
		};
		D79E16C61A3830EA004B0DD8 /* Build configuration list for PBXNativeTarget "FlickrSearchTests" */ = {
			isa = XCConfigurationList;
			buildConfigurations = (
				D79E16C71A3830EA004B0DD8 /* Debug */,
				D79E16C81A3830EA004B0DD8 /* Release */,
			);
			defaultConfigurationIsVisible = 0;
		};
/* End XCConfigurationList section */
	};
	rootObject = D79E169C1A3830EA004B0DD8 /* Project object */;
}
